
Microsoft Visual Studio Solution File, Format Version 12.00
# Visual Studio Version 17
VisualStudioVersion = 17.8.34525.116
MinimumVisualStudioVersion = 10.0.40219.1
Project("{FAE04EC0-301F-11D3-BF4B-00C04F79EFBC}") = "Notesapp", "Notesapp\Notesapp.csproj", "{62FA8D4F-3AD1-4F71-A5CD-20D238694687}"
EndProject
Global
	GlobalSection(SolutionConfigurationPlatforms) = preSolution
		Debug|Any CPU = Debug|Any CPU
		Release|Any CPU = Release|Any CPU
	EndGlobalSection
	GlobalSection(ProjectConfigurationPlatforms) = postSolution
		{62FA8D4F-3AD1-4F71-A5CD-20D238694687}.Debug|Any CPU.ActiveCfg = Debug|Any CPU
		{62FA8D4F-3AD1-4F71-A5CD-20D238694687}.Debug|Any CPU.Build.0 = Debug|Any CPU
		{62FA8D4F-3AD1-4F71-A5CD-20D238694687}.Release|Any CPU.ActiveCfg = Release|Any CPU
		{62FA8D4F-3AD1-4F71-A5CD-20D238694687}.Release|Any CPU.Build.0 = Release|Any CPU
	EndGlobalSection
	GlobalSection(SolutionProperties) = preSolution
		HideSolutionNode = FALSE
	EndGlobalSection
	GlobalSection(ExtensibilityGlobals) = postSolution
		SolutionGuid = {EFCC518B-A54C-4698-AEBB-9B66EA435635}
	EndGlobalSection
EndGlobal
