
Microsoft Visual Studio Solution File, Format Version 12.00
# Visual Studio Version 17
VisualStudioVersion = 17.8.34525.116
MinimumVisualStudioVersion = 10.0.40219.1
Project("{FAE04EC0-301F-11D3-BF4B-00C04F79EFBC}") = "NotesApp", "NotesApp.csproj", "{D8FF8AA1-C1A1-4BBD-964F-51086D3BFA72}"
EndProject
Global
	GlobalSection(SolutionConfigurationPlatforms) = preSolution
		Debug|Any CPU = Debug|Any CPU
		Release|Any CPU = Release|Any CPU
	EndGlobalSection
	GlobalSection(ProjectConfigurationPlatforms) = postSolution
		{D8FF8AA1-C1A1-4BBD-964F-51086D3BFA72}.Debug|Any CPU.ActiveCfg = Debug|Any CPU
		{D8FF8AA1-C1A1-4BBD-964F-51086D3BFA72}.Debug|Any CPU.Build.0 = Debug|Any CPU
		{D8FF8AA1-C1A1-4BBD-964F-51086D3BFA72}.Release|Any CPU.ActiveCfg = Release|Any CPU
		{D8FF8AA1-C1A1-4BBD-964F-51086D3BFA72}.Release|Any CPU.Build.0 = Release|Any CPU
	EndGlobalSection
	GlobalSection(SolutionProperties) = preSolution
		HideSolutionNode = FALSE
	EndGlobalSection
	GlobalSection(ExtensibilityGlobals) = postSolution
		SolutionGuid = {8EA58ED2-35AD-4F1F-920C-E3954EFBCB4B}
	EndGlobalSection
EndGlobal
